{
  "lockfile_version": "1",
  "packages": {
    "github:NixOS/nixpkgs/nixpkgs-unstable": {
      "last_modified": "2026-09-21T03:12:12Z",
      "resolved": "github:NixOS/nixpkgs/35e212742ceab4ae1dcfbfd9039a39215c816e8e?lastModified=1789960332"
    },
    "jq@1.7.1": {
      "last_modified": "2025-06-18T03:01:18Z",
      "resolved": "github:NixOS/nixpkgs/5395fb3ab3f97b9b7abca147249fa2e8ed27b192#jq",
      "source": "devbox-search",
      "version": "1.7.1",
      "systems": {
        "aarch64-darwin": {
          "outputs": [
            {
              "name": "bin",
              "path": "/nix/store/5v1yqacl2lhgbrzgvbmnxbxah9pdyp2s-jq-1.7.1-bin",
              "default": true
            },
            {
              "name": "man",
              "path": "/nix/store/6zfpzcwd7m5pkf1bd3sdasjv0rxsxvjg-jq-1.7.1-man",
              "default": true
            },
            {
              "name": "dev",
              "path": "/nix/store/12zb2s8cmrbgi53sn09i8vkqr6i462h4-jq-1.7.1-dev"
            },
            {
              "name": "doc",
              "path": "/nix/store/awa9kq3h05l0bpc3gn1gzq4r9rspphsb-jq-1.7.1-doc"
            },
            {
              "name": "out",
              "path": "/nix/store/2vawjsrd9bmavbm7rvsjbnjaf4hbd1bs-jq-1.7.1"
            }
          ],
          "store_path": "/nix/store/5v1yqacl2lhgbrzgvbmnxbxah9pdyp2s-jq-1.7.1-bin"
        },
        "aarch64-linux": {
          "outputs": [
            {
              "name": "bin",
              "path": "/nix/store/j6q3c3rzxhv3rz9y821qylgafi3jbsl8-jq-1.7.1-bin",
              "default": true
            },
            {
              "name": "man",
              "path": "/nix/store/2n2vs2cb0slcj5a4i0l7pyv4fip8s6m9-jq-1.7.1-man",
              "default": true
            },
            {
              "name": "dev",
              "path": "/nix/store/w7n2qywnma4af1m9xqz8y67rq0jn6an2-jq-1.7.1-dev"
            },
            {
              "name": "doc",
              "path": "/nix/store/c52b1v91c7pwxb58z79v2aa1x8bx8dpx-jq-1.7.1-doc"
            },
            {
              "name": "out",
              "path": "/nix/store/i06c1lzmf07gg33mjmfp0564inxplfq5-jq-1.7.1"
            }
          ],
          "store_path": "/nix/store/j6q3c3rzxhv3rz9y821qylgafi3jbsl8-jq-1.7.1-bin"
        },
        "x86_64-darwin": {
          "outputs": [
            {
              "name": "bin",
              "path": "/nix/store/if69q6bw49y67lv9f4bf78cgpf7xrnrb-jq-1.7.1-bin",
              "default": true
            },
            {
              "name": "man",
              "path": "/nix/store/0rsic796c75zmdaa3qw74676dgcibwan-jq-1.7.1-man",
              "default": true
            },
            {
              "name": "dev",
              "path": "/nix/store/38vgg0iqwmhh8shn12ys3wqxv24gkq5n-jq-1.7.1-dev"
            },
            {
              "name": "doc",
              "path": "/nix/store/dvap16zqbcxmil71f6ivbpzx49z7brzx-jq-1.7.1-doc"
            },
            {
              "name": "out",
              "path": "/nix/store/0gw2kw6zkvzg7zlqy4rrgdxjk13yg0z4-jq-1.7.1"
            }
          ],
          "store_path": "/nix/store/if69q6bw49y67lv9f4bf78cgpf7xrnrb-jq-1.7.1-bin"
        },
        "x86_64-linux": {
          "outputs": [
            {
              "name": "bin",
              "path": "/nix/store/n9ch6ggimi6ri5vx62mqmzgrrkb3qfwg-jq-1.7.1-bin",
              "default": true
            },
            {
              "name": "man",
              "path": "/nix/store/2dmx0pgvxjmqywg25rva6cgkz94icnw7-jq-1.7.1-man",
              "default": true
            },
            {
              "name": "dev",
              "path": "/nix/store/yika3khvh871bvk5sgpcxfdbqznyi3w0-jq-1.7.1-dev"
            },
            {
              "name": "doc",
              "path": "/nix/store/97zv95jlfnw4v3k0lyxmkmkqqjhx7np9-jq-1.7.1-doc"
            },
            {
              "name": "out",
              "path": "/nix/store/sdqzcyfy52y0vf10nfsxy3mhv9b2vmkv-jq-1.7.1"
            }
          ],
          "store_path": "/nix/store/n9ch6ggimi6ri5vx62mqmzgrrkb3qfwg-jq-1.7.1-bin"
        }
      }
    },
    "just@1.40.0": {
      "last_modified": "2025-07-16T16:36:02Z",
      "resolved": "github:NixOS/nixpkgs/fa64ec5c1ca6f17746f3defedb988b9248e97616#just",
      "source": "devbox-search",
      "version": "1.40.0",
      "systems": {
        "aarch64-darwin": {
          "outputs": [
            {
              "name": "out",
              "path": "/nix/store/3pnak51jl5d1r1mxf9hw69pgpwnb2xii-just-1.40.0",
              "default": true
            },
            {
              "name": "man",
              "path": "/nix/store/rp2mgqlhjzbysxsipdljfqd2pkbz5rdw-just-1.40.0-man",
              "default": true
            },
            {
              "name": "doc",
              "path": "/nix/store/qzd5f1148jn8migs0m53gdzlkhlyiacb-just-1.40.0-doc"
            }
          ],
          "store_path": "/nix/store/3pnak51jl5d1r1mxf9hw69pgpwnb2xii-just-1.40.0"
        },
        "aarch64-linux": {
          "outputs": [
            {
              "name": "out",
              "path": "/nix/store/bm9ijhx6ngf5a39p8wlhhj71v8q4qbxk-just-1.40.0",
              "default": true
            },
            {
              "name": "man",
              "path": "/nix/store/z1pim1jpjshj03kwpkqhn7hk34bh6lnv-just-1.40.0-man",
              "default": true
            },
            {
              "name": "doc",
              "path": "/nix/store/pw2nj5ff9xywr77phc53xw2wv5kkg55a-just-1.40.0-doc"
            }
          ],
          "store_path": "/nix/store/bm9ijhx6ngf5a39p8wlhhj71v8q4qbxk-just-1.40.0"
        },
        "x86_64-darwin": {
          "outputs": [
            {
              "name": "out",
              "path": "/nix/store/r4s8g0mgjys5hv7lq6q5zcryygacg7zi-just-1.40.0",
              "default": true
            },
            {
              "name": "man",
              "path": "/nix/store/748wgg7spyjd49d3rq8ll49d87ivk1af-just-1.40.0-man",
              "default": true
            },
            {
              "name": "doc",
              "path": "/nix/store/96ycyfg17mwjhlg0sadpirai6d5bcvvn-just-1.40.0-doc"
            }
          ],
          "store_path": "/nix/store/r4s8g0mgjys5hv7lq6q5zcryygacg7zi-just-1.40.0"
        },
        "x86_64-linux": {
          "outputs": [
            {
              "name": "out",
              "path": "/nix/store/zys6pzpajv2pgy95wi7iklpvklzld6mf-just-1.40.0",
              "default": true
            },
            {
              "name": "man",
              "path": "/nix/store/k4zz8spld7kb60zmrq86hjc56rv6mi5z-just-1.40.0-man",
              "default": true
            },
            {
              "name": "doc",
              "path": "/nix/store/paqsnvnk83lwi7i9jb60w29wlpn1h3ra-just-1.40.0-doc"
            }
          ],
          "store_path": "/nix/store/zys6pzpajv2pgy95wi7iklpvklzld6mf-just-1.40.0"
        }
      }
    },
    "yq-go@4.44.2": {
      "last_modified": "2024-07-31T08:48:38Z",
      "resolved": "github:NixOS/nixpkgs/c3392ad349a5227f4a3464dce87bcc5046692fce#yq-go",
      "source": "devbox-search",
      "version": "4.44.2",
      "systems": {
        "aarch64-darwin": {
          "outputs": [
            {
              "name": "out",
              "path": "/nix/store/pg184xj1w33l77ldjqdgmp4lm7w1lrqw-yq-go-4.44.2",
              "default": true
            }
          ],
          "store_path": "/nix/store/pg184xj1w33l77ldjqdgmp4lm7w1lrqw-yq-go-4.44.2"
        },
        "aarch64-linux": {
          "outputs": [
            {
              "name": "out",
              "path": "/nix/store/67y6qbz2yfhzg0zyk5gqjpj2w0ikk8bs-yq-go-4.44.2",
              "default": true
            }
          ],
          "store_path": "/nix/store/67y6qbz2yfhzg0zyk5gqjpj2w0ikk8bs-yq-go-4.44.2"
        },
        "x86_64-darwin": {
          "outputs": [
            {
              "name": "out",
              "path": "/nix/store/6s1pxmck5vfqsjwiq3xfrk22sh8s34cs-yq-go-4.44.2",
              "default": true
            }
          ],
          "store_path": "/nix/store/6s1pxmck5vfqsjwiq3xfrk22sh8s34cs-yq-go-4.44.2"
        },
        "x86_64-linux": {
          "outputs": [
            {
              "name": "out",
              "path": "/nix/store/r70imihhswfkw0j5dgk08qlhk2di7s22-yq-go-4.44.2",
              "default": true
            }
          ],
          "store_path": "/nix/store/r70imihhswfkw0j5dgk08qlhk2di7s22-yq-go-4.44.2"
        }
      }
    }
  }
}
